
Microsoft Visual Studio Solution File, Format Version 12.00
# Visual Studio Version 17
VisualStudioVersion = 17.6.33723.286
MinimumVisualStudioVersion = 10.0.40219.1
Project("{E24C65DC-7377-472B-9ABA-BC803B73C61A}") = "http://localhost:81", "http://localhost:81", "{F1C14C03-9D34-4BB6-8E20-1CAC0A81D615}"
	ProjectSection(WebsiteProperties) = preProject
		UseIISExpress = "false"
		TargetFrameworkMoniker = ".NETFramework,Version%3Dv4.5.2"
		Debug.AspNetCompiler.VirtualPath = "/localhost_81"
		Debug.AspNetCompiler.PhysicalPath = "..\Wizzi\"
		Debug.AspNetCompiler.TargetPath = "PrecompiledWeb\localhost_81\"
		Debug.AspNetCompiler.Updateable = "true"
		Debug.AspNetCompiler.ForceOverwrite = "true"
		Debug.AspNetCompiler.FixedNames = "false"
		Debug.AspNetCompiler.Debug = "True"
		Release.AspNetCompiler.VirtualPath = "/localhost_81"
		Release.AspNetCompiler.PhysicalPath = "..\Wizzi\"
		Release.AspNetCompiler.TargetPath = "PrecompiledWeb\localhost_81\"
		Release.AspNetCompiler.Updateable = "true"
		Release.AspNetCompiler.ForceOverwrite = "true"
		Release.AspNetCompiler.FixedNames = "false"
		Release.AspNetCompiler.Debug = "False"
		SlnRelativePath = "..\Wizzi\"
	EndProjectSection
EndProject
Global
	GlobalSection(SolutionConfigurationPlatforms) = preSolution
		Debug|Any CPU = Debug|Any CPU
	EndGlobalSection
	GlobalSection(ProjectConfigurationPlatforms) = postSolution
		{F1C14C03-9D34-4BB6-8E20-1CAC0A81D615}.Debug|Any CPU.ActiveCfg = Debug|Any CPU
		{F1C14C03-9D34-4BB6-8E20-1CAC0A81D615}.Debug|Any CPU.Build.0 = Debug|Any CPU
	EndGlobalSection
	GlobalSection(SolutionProperties) = preSolution
		HideSolutionNode = FALSE
	EndGlobalSection
	GlobalSection(ExtensibilityGlobals) = postSolution
		SolutionGuid = {A69BB828-784F-4126-8DB1-BEF20FFCBB83}
	EndGlobalSection
EndGlobal
